schema: '2.0'
stages:
  data_ingestion:
    cmd: python src/cnnClassifier/pipeline/stage_01_data_ingestion.py
    deps:
    - path: config/config.yaml
      hash: md5
      md5: a8459ed4a897f33042cf3648cc783057
      size: 783
    - path: src/cnnClassifier/pipeline/stage_01_data_ingestion.py
      hash: md5
      md5: 7d04763d6a6b0befd9139f9d57e655cf
      size: 878
    outs:
    - path: artifacts/data_ingestion/Chicken-fecal-images
      hash: md5
      md5: 103aaa2ad6d2b255baf369ff6b5de1a5.dir
      size: 9918305
      nfiles: 315
  prepare_base_model:
    cmd: python src/cnnClassifier/pipeline/stage_02_prepare_base_model.py
    deps:
    - path: config/config.yaml
      hash: md5
      md5: a8459ed4a897f33042cf3648cc783057
      size: 783
    - path: src/cnnClassifier/pipeline/stage_02_prepare_base_model.py
      hash: md5
      md5: c3c95187f85feec05bcf69e727cb224f
      size: 926
    params:
      params.yaml:
        CLASSES: 2
        IMAGE_SIZE:
        - 224
        - 224
        - 3
        INCLUDE_TOP: false
        LEARNING_RATE: 0.01
        WEIGHTS: imagenet
    outs:
    - path: artifacts/prepare_base_model
      hash: md5
      md5: ec008c22a85f2aefaab3b9a66bc9ba62.dir
      size: 118073464
      nfiles: 2
